// !$*UTF8*$!
{
	archiveVersion = 1;
	classes = {
	};
	objectVersion = 56;
	objects = {

/* Begin PBXBuildFile section */
		1C4E14F02AC376CC00103921 /* DataLoaderError.swift in Sources */ = {isa = PBXBuildFile; fileRef = 1C4E14EF2AC376CC00103921 /* DataLoaderError.swift */; };
		1C4E14F22AC37AF400103921 /* AsyncImage.swift in Sources */ = {isa = PBXBuildFile; fileRef = 1C4E14F12AC37AF400103921 /* AsyncImage.swift */; };
		1C59F3092AB8704D002E53A8 /* ChangePasswordView.swift in Sources */ = {isa = PBXBuildFile; fileRef = 1C59F3082AB8704D002E53A8 /* ChangePasswordView.swift */; };
		1CB8443C2AC45E62004182A1 /* View.swift in Sources */ = {isa = PBXBuildFile; fileRef = 1CB8443B2AC45E62004182A1 /* View.swift */; };
		1CCA62562AAE181400CE901E /* FGTextButtonModifier.swift in Sources */ = {isa = PBXBuildFile; fileRef = 1CCA62552AAE181400CE901E /* FGTextButtonModifier.swift */; };
		1CCA81EF2A8D949C00967678 /* ContentView.swift in Sources */ = {isa = PBXBuildFile; fileRef = 1CCA81EE2A8D949C00967678 /* ContentView.swift */; };
		1CCA81F12A8D94AD00967678 /* FoodgramApp.swift in Sources */ = {isa = PBXBuildFile; fileRef = 1CCA81F02A8D94AD00967678 /* FoodgramApp.swift */; };
		1CCA81F32A8D94BC00967678 /* Preview Assets.xcassets in Resources */ = {isa = PBXBuildFile; fileRef = 1CCA81F22A8D94BC00967678 /* Preview Assets.xcassets */; };
		1CCA81F52A8D94C700967678 /* AboutAppView.swift in Sources */ = {isa = PBXBuildFile; fileRef = 1CCA81F42A8D94C700967678 /* AboutAppView.swift */; };
		1CCA81F72A8D94CF00967678 /* AddEmailView.swift in Sources */ = {isa = PBXBuildFile; fileRef = 1CCA81F62A8D94CF00967678 /* AddEmailView.swift */; };
		1CCA81F92A8D94D400967678 /* AddNameView.swift in Sources */ = {isa = PBXBuildFile; fileRef = 1CCA81F82A8D94D400967678 /* AddNameView.swift */; };
		1CCA81FB2A8D94DA00967678 /* AddRecipeView.swift in Sources */ = {isa = PBXBuildFile; fileRef = 1CCA81FA2A8D94DA00967678 /* AddRecipeView.swift */; };
		1CCA81FD2A8D94E100967678 /* AddRecipeViewModel.swift in Sources */ = {isa = PBXBuildFile; fileRef = 1CCA81FC2A8D94E100967678 /* AddRecipeViewModel.swift */; };
		1CCA81FF2A8D94E600967678 /* AppSettings.swift in Sources */ = {isa = PBXBuildFile; fileRef = 1CCA81FE2A8D94E600967678 /* AppSettings.swift */; };
		1CCA82012A8D94EF00967678 /* Color.swift in Sources */ = {isa = PBXBuildFile; fileRef = 1CCA82002A8D94EF00967678 /* Color.swift */; };
		1CCA82032A8D94F500967678 /* CompleteSignUpView.swift in Sources */ = {isa = PBXBuildFile; fileRef = 1CCA82022A8D94F500967678 /* CompleteSignUpView.swift */; };
		1CCA82052A8D94FA00967678 /* CreatePasswordView.swift in Sources */ = {isa = PBXBuildFile; fileRef = 1CCA82042A8D94FA00967678 /* CreatePasswordView.swift */; };
		1CCA82072A8D94FF00967678 /* FavouritesView.swift in Sources */ = {isa = PBXBuildFile; fileRef = 1CCA82062A8D94FF00967678 /* FavouritesView.swift */; };
		1CCA82092A8D950700967678 /* FetcherState.swift in Sources */ = {isa = PBXBuildFile; fileRef = 1CCA82082A8D950700967678 /* FetcherState.swift */; };
		1CCA820B2A8D950C00967678 /* FGTextFieldModifier.swift in Sources */ = {isa = PBXBuildFile; fileRef = 1CCA820A2A8D950C00967678 /* FGTextFieldModifier.swift */; };
		1CCA820D2A8D951500967678 /* FoodgramLogoView.swift in Sources */ = {isa = PBXBuildFile; fileRef = 1CCA820C2A8D951500967678 /* FoodgramLogoView.swift */; };
		1CCA820F2A8D951900967678 /* LoginView.swift in Sources */ = {isa = PBXBuildFile; fileRef = 1CCA820E2A8D951900967678 /* LoginView.swift */; };
		1CCA82112A8D951F00967678 /* MainTabView.swift in Sources */ = {isa = PBXBuildFile; fileRef = 1CCA82102A8D951F00967678 /* MainTabView.swift */; };
		1CCA82132A8D952600967678 /* Recipe.swift in Sources */ = {isa = PBXBuildFile; fileRef = 1CCA82122A8D952600967678 /* Recipe.swift */; };
		1CCA82152A8D952B00967678 /* RecipeDetailsView.swift in Sources */ = {isa = PBXBuildFile; fileRef = 1CCA82142A8D952B00967678 /* RecipeDetailsView.swift */; };
		1CCA82172A8D953000967678 /* RecipeListItemView.swift in Sources */ = {isa = PBXBuildFile; fileRef = 1CCA82162A8D953000967678 /* RecipeListItemView.swift */; };
		1CCA82192A8D953800967678 /* RecipesView.swift in Sources */ = {isa = PBXBuildFile; fileRef = 1CCA82182A8D953800967678 /* RecipesView.swift */; };
		1CCA821B2A8D953E00967678 /* RecipesViewModel.swift in Sources */ = {isa = PBXBuildFile; fileRef = 1CCA821A2A8D953E00967678 /* RecipesViewModel.swift */; };
		1CCA821D2A8D954700967678 /* RecipeTagView.swift in Sources */ = {isa = PBXBuildFile; fileRef = 1CCA821C2A8D954700967678 /* RecipeTagView.swift */; };
		1CCA821F2A8D954D00967678 /* SelectTagView.swift in Sources */ = {isa = PBXBuildFile; fileRef = 1CCA821E2A8D954D00967678 /* SelectTagView.swift */; };
		1CCA82212A8D955200967678 /* SettingsView.swift in Sources */ = {isa = PBXBuildFile; fileRef = 1CCA82202A8D955200967678 /* SettingsView.swift */; };
		1CCA82232A8D955900967678 /* SplashScreenView.swift in Sources */ = {isa = PBXBuildFile; fileRef = 1CCA82222A8D955900967678 /* SplashScreenView.swift */; };
		1CCA82252A8D956800967678 /* TagsViewModel.swift in Sources */ = {isa = PBXBuildFile; fileRef = 1CCA82242A8D956800967678 /* TagsViewModel.swift */; };
		1CCA82272A8D956D00967678 /* User.swift in Sources */ = {isa = PBXBuildFile; fileRef = 1CCA82262A8D956D00967678 /* User.swift */; };
		1CCA822F2A8D96A800967678 /* Assets.xcassets in Resources */ = {isa = PBXBuildFile; fileRef = 1CCA822E2A8D96A800967678 /* Assets.xcassets */; };
		1CD28AF32ACB5915005CC66C /* UserView.swift in Sources */ = {isa = PBXBuildFile; fileRef = 1CD28AF22ACB5915005CC66C /* UserView.swift */; };
		1CD28AF52ACB61F0005CC66C /* RecipesList.swift in Sources */ = {isa = PBXBuildFile; fileRef = 1CD28AF42ACB61F0005CC66C /* RecipesList.swift */; };
		1CD28AF82ACB641E005CC66C /* CartView.swift in Sources */ = {isa = PBXBuildFile; fileRef = 1CD28AF72ACB641E005CC66C /* CartView.swift */; };
		1CD28AFA2ACB82E4005CC66C /* RecipeTagsView.swift in Sources */ = {isa = PBXBuildFile; fileRef = 1CD28AF92ACB82E4005CC66C /* RecipeTagsView.swift */; };
		1CF1CCFA2AC23730005A8ECD /* Endpoint.swift in Sources */ = {isa = PBXBuildFile; fileRef = 1CF1CCF92AC23730005A8ECD /* Endpoint.swift */; };
		1CF1CCFC2AC237BD005A8ECD /* DataLoader.swift in Sources */ = {isa = PBXBuildFile; fileRef = 1CF1CCFB2AC237BD005A8ECD /* DataLoader.swift */; };
/* End PBXBuildFile section */

/* Begin PBXCopyFilesBuildPhase section */
		1C59F34F2AB8760D002E53A8 /* Embed Watch Content */ = {
			isa = PBXCopyFilesBuildPhase;
			buildActionMask = 2147483647;
			dstPath = "$(CONTENTS_FOLDER_PATH)/Watch";
			dstSubfolderSpec = 16;
			files = (
			);
			name = "Embed Watch Content";
			runOnlyForDeploymentPostprocessing = 0;
		};
/* End PBXCopyFilesBuildPhase section */

/* Begin PBXFileReference section */
		1C3A6CF02A8D8FD400D57D2F /* Foodgram.app */ = {isa = PBXFileReference; explicitFileType = wrapper.application; includeInIndex = 0; path = Foodgram.app; sourceTree = BUILT_PRODUCTS_DIR; };
		1C4E14EF2AC376CC00103921 /* DataLoaderError.swift */ = {isa = PBXFileReference; lastKnownFileType = sourcecode.swift; path = DataLoaderError.swift; sourceTree = "<group>"; };
		1C4E14F12AC37AF400103921 /* AsyncImage.swift */ = {isa = PBXFileReference; lastKnownFileType = sourcecode.swift; path = AsyncImage.swift; sourceTree = "<group>"; };
		1C59F3082AB8704D002E53A8 /* ChangePasswordView.swift */ = {isa = PBXFileReference; lastKnownFileType = sourcecode.swift; path = ChangePasswordView.swift; sourceTree = "<group>"; };
		1CB8443B2AC45E62004182A1 /* View.swift */ = {isa = PBXFileReference; lastKnownFileType = sourcecode.swift; path = View.swift; sourceTree = "<group>"; };
		1CCA62552AAE181400CE901E /* FGTextButtonModifier.swift */ = {isa = PBXFileReference; lastKnownFileType = sourcecode.swift; path = FGTextButtonModifier.swift; sourceTree = "<group>"; };
		1CCA81EA2A8D93B500967678 /* Foodgram.entitlements */ = {isa = PBXFileReference; lastKnownFileType = text.plist.entitlements; path = Foodgram.entitlements; sourceTree = "<group>"; };
		1CCA81ED2A8D944300967678 /* Info.plist */ = {isa = PBXFileReference; lastKnownFileType = text.plist; path = Info.plist; sourceTree = "<group>"; };
		1CCA81EE2A8D949C00967678 /* ContentView.swift */ = {isa = PBXFileReference; fileEncoding = 4; lastKnownFileType = sourcecode.swift; path = ContentView.swift; sourceTree = "<group>"; };
		1CCA81F02A8D94AD00967678 /* FoodgramApp.swift */ = {isa = PBXFileReference; fileEncoding = 4; lastKnownFileType = sourcecode.swift; path = FoodgramApp.swift; sourceTree = "<group>"; };
		1CCA81F22A8D94BC00967678 /* Preview Assets.xcassets */ = {isa = PBXFileReference; lastKnownFileType = folder.assetcatalog; path = "Preview Assets.xcassets"; sourceTree = "<group>"; };
		1CCA81F42A8D94C700967678 /* AboutAppView.swift */ = {isa = PBXFileReference; fileEncoding = 4; lastKnownFileType = sourcecode.swift; path = AboutAppView.swift; sourceTree = "<group>"; };
		1CCA81F62A8D94CF00967678 /* AddEmailView.swift */ = {isa = PBXFileReference; fileEncoding = 4; lastKnownFileType = sourcecode.swift; path = AddEmailView.swift; sourceTree = "<group>"; };
		1CCA81F82A8D94D400967678 /* AddNameView.swift */ = {isa = PBXFileReference; fileEncoding = 4; lastKnownFileType = sourcecode.swift; path = AddNameView.swift; sourceTree = "<group>"; };
		1CCA81FA2A8D94DA00967678 /* AddRecipeView.swift */ = {isa = PBXFileReference; fileEncoding = 4; lastKnownFileType = sourcecode.swift; path = AddRecipeView.swift; sourceTree = "<group>"; };
		1CCA81FC2A8D94E100967678 /* AddRecipeViewModel.swift */ = {isa = PBXFileReference; fileEncoding = 4; lastKnownFileType = sourcecode.swift; path = AddRecipeViewModel.swift; sourceTree = "<group>"; };
		1CCA81FE2A8D94E600967678 /* AppSettings.swift */ = {isa = PBXFileReference; fileEncoding = 4; lastKnownFileType = sourcecode.swift; path = AppSettings.swift; sourceTree = "<group>"; };
		1CCA82002A8D94EF00967678 /* Color.swift */ = {isa = PBXFileReference; fileEncoding = 4; lastKnownFileType = sourcecode.swift; path = Color.swift; sourceTree = "<group>"; };
		1CCA82022A8D94F500967678 /* CompleteSignUpView.swift */ = {isa = PBXFileReference; fileEncoding = 4; lastKnownFileType = sourcecode.swift; path = CompleteSignUpView.swift; sourceTree = "<group>"; };
		1CCA82042A8D94FA00967678 /* CreatePasswordView.swift */ = {isa = PBXFileReference; fileEncoding = 4; lastKnownFileType = sourcecode.swift; path = CreatePasswordView.swift; sourceTree = "<group>"; };
		1CCA82062A8D94FF00967678 /* FavouritesView.swift */ = {isa = PBXFileReference; fileEncoding = 4; lastKnownFileType = sourcecode.swift; path = FavouritesView.swift; sourceTree = "<group>"; };
		1CCA82082A8D950700967678 /* FetcherState.swift */ = {isa = PBXFileReference; fileEncoding = 4; lastKnownFileType = sourcecode.swift; path = FetcherState.swift; sourceTree = "<group>"; };
		1CCA820A2A8D950C00967678 /* FGTextFieldModifier.swift */ = {isa = PBXFileReference; fileEncoding = 4; lastKnownFileType = sourcecode.swift; path = FGTextFieldModifier.swift; sourceTree = "<group>"; };
		1CCA820C2A8D951500967678 /* FoodgramLogoView.swift */ = {isa = PBXFileReference; fileEncoding = 4; lastKnownFileType = sourcecode.swift; path = FoodgramLogoView.swift; sourceTree = "<group>"; };
		1CCA820E2A8D951900967678 /* LoginView.swift */ = {isa = PBXFileReference; fileEncoding = 4; lastKnownFileType = sourcecode.swift; path = LoginView.swift; sourceTree = "<group>"; };
		1CCA82102A8D951F00967678 /* MainTabView.swift */ = {isa = PBXFileReference; fileEncoding = 4; lastKnownFileType = sourcecode.swift; path = MainTabView.swift; sourceTree = "<group>"; };
		1CCA82122A8D952600967678 /* Recipe.swift */ = {isa = PBXFileReference; fileEncoding = 4; lastKnownFileType = sourcecode.swift; path = Recipe.swift; sourceTree = "<group>"; };
		1CCA82142A8D952B00967678 /* RecipeDetailsView.swift */ = {isa = PBXFileReference; fileEncoding = 4; lastKnownFileType = sourcecode.swift; path = RecipeDetailsView.swift; sourceTree = "<group>"; };
		1CCA82162A8D953000967678 /* RecipeListItemView.swift */ = {isa = PBXFileReference; fileEncoding = 4; lastKnownFileType = sourcecode.swift; path = RecipeListItemView.swift; sourceTree = "<group>"; };
		1CCA82182A8D953800967678 /* RecipesView.swift */ = {isa = PBXFileReference; fileEncoding = 4; lastKnownFileType = sourcecode.swift; path = RecipesView.swift; sourceTree = "<group>"; };
		1CCA821A2A8D953E00967678 /* RecipesViewModel.swift */ = {isa = PBXFileReference; fileEncoding = 4; lastKnownFileType = sourcecode.swift; path = RecipesViewModel.swift; sourceTree = "<group>"; };
		1CCA821C2A8D954700967678 /* RecipeTagView.swift */ = {isa = PBXFileReference; fileEncoding = 4; lastKnownFileType = sourcecode.swift; path = RecipeTagView.swift; sourceTree = "<group>"; };
		1CCA821E2A8D954D00967678 /* SelectTagView.swift */ = {isa = PBXFileReference; fileEncoding = 4; lastKnownFileType = sourcecode.swift; path = SelectTagView.swift; sourceTree = "<group>"; };
		1CCA82202A8D955200967678 /* SettingsView.swift */ = {isa = PBXFileReference; fileEncoding = 4; lastKnownFileType = sourcecode.swift; path = SettingsView.swift; sourceTree = "<group>"; };
		1CCA82222A8D955900967678 /* SplashScreenView.swift */ = {isa = PBXFileReference; fileEncoding = 4; lastKnownFileType = sourcecode.swift; path = SplashScreenView.swift; sourceTree = "<group>"; };
		1CCA82242A8D956800967678 /* TagsViewModel.swift */ = {isa = PBXFileReference; fileEncoding = 4; lastKnownFileType = sourcecode.swift; path = TagsViewModel.swift; sourceTree = "<group>"; };
		1CCA82262A8D956D00967678 /* User.swift */ = {isa = PBXFileReference; fileEncoding = 4; lastKnownFileType = sourcecode.swift; path = User.swift; sourceTree = "<group>"; };
		1CCA822E2A8D96A800967678 /* Assets.xcassets */ = {isa = PBXFileReference; lastKnownFileType = folder.assetcatalog; path = Assets.xcassets; sourceTree = "<group>"; };
		1CD28AF22ACB5915005CC66C /* UserView.swift */ = {isa = PBXFileReference; lastKnownFileType = sourcecode.swift; path = UserView.swift; sourceTree = "<group>"; };
		1CD28AF42ACB61F0005CC66C /* RecipesList.swift */ = {isa = PBXFileReference; lastKnownFileType = sourcecode.swift; path = RecipesList.swift; sourceTree = "<group>"; };
		1CD28AF72ACB641E005CC66C /* CartView.swift */ = {isa = PBXFileReference; lastKnownFileType = sourcecode.swift; path = CartView.swift; sourceTree = "<group>"; };
		1CD28AF92ACB82E4005CC66C /* RecipeTagsView.swift */ = {isa = PBXFileReference; lastKnownFileType = sourcecode.swift; path = RecipeTagsView.swift; sourceTree = "<group>"; };
		1CF1CCF92AC23730005A8ECD /* Endpoint.swift */ = {isa = PBXFileReference; lastKnownFileType = sourcecode.swift; path = Endpoint.swift; sourceTree = "<group>"; };
		1CF1CCFB2AC237BD005A8ECD /* DataLoader.swift */ = {isa = PBXFileReference; lastKnownFileType = sourcecode.swift; path = DataLoader.swift; sourceTree = "<group>"; };
/* End PBXFileReference section */

/* Begin PBXFrameworksBuildPhase section */
		1C3A6CED2A8D8FD400D57D2F /* Frameworks */ = {
			isa = PBXFrameworksBuildPhase;
			buildActionMask = 2147483647;
			files = (
			);
			runOnlyForDeploymentPostprocessing = 0;
		};
/* End PBXFrameworksBuildPhase section */

/* Begin PBXGroup section */
		1C3A6CE72A8D8FD400D57D2F = {
			isa = PBXGroup;
			children = (
				1CCA81D82A8D938E00967678 /* Foodgram */,
				1C3A6CF12A8D8FD400D57D2F /* Products */,
			);
			sourceTree = "<group>";
		};
		1C3A6CF12A8D8FD400D57D2F /* Products */ = {
			isa = PBXGroup;
			children = (
				1C3A6CF02A8D8FD400D57D2F /* Foodgram.app */,
			);
			name = Products;
			sourceTree = "<group>";
		};
		1CCA81D82A8D938E00967678 /* Foodgram */ = {
			isa = PBXGroup;
			children = (
				1CCA81E32A8D938E00967678 /* App */,
				1CCA822E2A8D96A800967678 /* Assets.xcassets */,
				1CCA81E62A8D938E00967678 /* Components */,
				1CCA81DB2A8D938E00967678 /* Core */,
				1CCA81E52A8D938E00967678 /* Extensions */,
				1CCA81EA2A8D93B500967678 /* Foodgram.entitlements */,
				1CCA81ED2A8D944300967678 /* Info.plist */,
				1CCA81E72A8D938E00967678 /* Model */,
				1CCA81DA2A8D938E00967678 /* Modifiers */,
				1CF1CCF82AC2371E005A8ECD /* Network */,
				1CCA81E42A8D938E00967678 /* Preview Content */,
				1CCA81E92A8D938E00967678 /* Services */,
				1CCA81D92A8D938E00967678 /* ViewModels */,
				1CCA81E82A8D938E00967678 /* Views */,
			);
			path = Foodgram;
			sourceTree = "<group>";
		};
		1CCA81D92A8D938E00967678 /* ViewModels */ = {
			isa = PBXGroup;
			children = (
				1CCA82082A8D950700967678 /* FetcherState.swift */,
				1CCA821A2A8D953E00967678 /* RecipesViewModel.swift */,
				1CCA82242A8D956800967678 /* TagsViewModel.swift */,
			);
			path = ViewModels;
			sourceTree = "<group>";
		};
		1CCA81DA2A8D938E00967678 /* Modifiers */ = {
			isa = PBXGroup;
			children = (
				1CCA820A2A8D950C00967678 /* FGTextFieldModifier.swift */,
				1CCA62552AAE181400CE901E /* FGTextButtonModifier.swift */,
			);
			path = Modifiers;
			sourceTree = "<group>";
		};
		1CCA81DB2A8D938E00967678 /* Core */ = {
			isa = PBXGroup;
			children = (
				1CCA81DD2A8D938E00967678 /* AddRecipe */,
				1CCA81E22A8D938E00967678 /* Authentication */,
				1CD28AF62ACB63FE005CC66C /* Cart */,
				1CCA81DF2A8D938E00967678 /* Favourites */,
				1CCA81E02A8D938E00967678 /* MainPage */,
				1CD28AF12ACB5900005CC66C /* Profile */,
				1CCA81E12A8D938E00967678 /* Root */,
				1CCA81DC2A8D938E00967678 /* Settings */,
				1CCA81DE2A8D938E00967678 /* TabBar */,
			);
			path = Core;
			sourceTree = "<group>";
		};
		1CCA81DC2A8D938E00967678 /* Settings */ = {
			isa = PBXGroup;
			children = (
				1CCA82202A8D955200967678 /* SettingsView.swift */,
				1CCA81F42A8D94C700967678 /* AboutAppView.swift */,
				1C59F3082AB8704D002E53A8 /* ChangePasswordView.swift */,
			);
			path = Settings;
			sourceTree = "<group>";
		};
		1CCA81DD2A8D938E00967678 /* AddRecipe */ = {
			isa = PBXGroup;
			children = (
				1CCA81FC2A8D94E100967678 /* AddRecipeViewModel.swift */,
				1CCA81FA2A8D94DA00967678 /* AddRecipeView.swift */,
			);
			path = AddRecipe;
			sourceTree = "<group>";
		};
		1CCA81DE2A8D938E00967678 /* TabBar */ = {
			isa = PBXGroup;
			children = (
				1CCA82102A8D951F00967678 /* MainTabView.swift */,
			);
			path = TabBar;
			sourceTree = "<group>";
		};
		1CCA81DF2A8D938E00967678 /* Favourites */ = {
			isa = PBXGroup;
			children = (
				1CCA82062A8D94FF00967678 /* FavouritesView.swift */,
			);
			path = Favourites;
			sourceTree = "<group>";
		};
		1CCA81E02A8D938E00967678 /* MainPage */ = {
			isa = PBXGroup;
			children = (
				1CCA821E2A8D954D00967678 /* SelectTagView.swift */,
				1CCA82182A8D953800967678 /* RecipesView.swift */,
			);
			path = MainPage;
			sourceTree = "<group>";
		};
		1CCA81E12A8D938E00967678 /* Root */ = {
			isa = PBXGroup;
			children = (
			);
			path = Root;
			sourceTree = "<group>";
		};
		1CCA81E22A8D938E00967678 /* Authentication */ = {
			isa = PBXGroup;
			children = (
				1CCA820E2A8D951900967678 /* LoginView.swift */,
				1CCA82042A8D94FA00967678 /* CreatePasswordView.swift */,
				1CCA82022A8D94F500967678 /* CompleteSignUpView.swift */,
				1CCA81F82A8D94D400967678 /* AddNameView.swift */,
				1CCA81F62A8D94CF00967678 /* AddEmailView.swift */,
			);
			path = Authentication;
			sourceTree = "<group>";
		};
		1CCA81E32A8D938E00967678 /* App */ = {
			isa = PBXGroup;
			children = (
				1CCA81FE2A8D94E600967678 /* AppSettings.swift */,
				1CCA81F02A8D94AD00967678 /* FoodgramApp.swift */,
				1CCA81EE2A8D949C00967678 /* ContentView.swift */,
			);
			path = App;
			sourceTree = "<group>";
		};
		1CCA81E42A8D938E00967678 /* Preview Content */ = {
			isa = PBXGroup;
			children = (
				1CCA81F22A8D94BC00967678 /* Preview Assets.xcassets */,
			);
			path = "Preview Content";
			sourceTree = "<group>";
		};
		1CCA81E52A8D938E00967678 /* Extensions */ = {
			isa = PBXGroup;
			children = (
				1CCA82002A8D94EF00967678 /* Color.swift */,
				1C4E14F12AC37AF400103921 /* AsyncImage.swift */,
				1CB8443B2AC45E62004182A1 /* View.swift */,
			);
			path = Extensions;
			sourceTree = "<group>";
		};
		1CCA81E62A8D938E00967678 /* Components */ = {
			isa = PBXGroup;
			children = (
				1CCA82222A8D955900967678 /* SplashScreenView.swift */,
				1CCA821C2A8D954700967678 /* RecipeTagView.swift */,
				1CCA82162A8D953000967678 /* RecipeListItemView.swift */,
				1CCA820C2A8D951500967678 /* FoodgramLogoView.swift */,
				1CD28AF42ACB61F0005CC66C /* RecipesList.swift */,
				1CD28AF92ACB82E4005CC66C /* RecipeTagsView.swift */,
			);
			path = Components;
			sourceTree = "<group>";
		};
		1CCA81E72A8D938E00967678 /* Model */ = {
			isa = PBXGroup;
			children = (
				1CCA82262A8D956D00967678 /* User.swift */,
				1CCA82122A8D952600967678 /* Recipe.swift */,
			);
			path = Model;
			sourceTree = "<group>";
		};
		1CCA81E82A8D938E00967678 /* Views */ = {
			isa = PBXGroup;
			children = (
				1CCA82142A8D952B00967678 /* RecipeDetailsView.swift */,
			);
			path = Views;
			sourceTree = "<group>";
		};
		1CCA81E92A8D938E00967678 /* Services */ = {
			isa = PBXGroup;
			children = (
			);
			path = Services;
			sourceTree = "<group>";
		};
		1CD28AF12ACB5900005CC66C /* Profile */ = {
			isa = PBXGroup;
			children = (
				1CD28AF22ACB5915005CC66C /* UserView.swift */,
			);
			path = Profile;
			sourceTree = "<group>";
		};
		1CD28AF62ACB63FE005CC66C /* Cart */ = {
			isa = PBXGroup;
			children = (
				1CD28AF72ACB641E005CC66C /* CartView.swift */,
			);
			path = Cart;
			sourceTree = "<group>";
		};
		1CF1CCF82AC2371E005A8ECD /* Network */ = {
			isa = PBXGroup;
			children = (
				1CF1CCF92AC23730005A8ECD /* Endpoint.swift */,
				1CF1CCFB2AC237BD005A8ECD /* DataLoader.swift */,
				1C4E14EF2AC376CC00103921 /* DataLoaderError.swift */,
			);
			path = Network;
			sourceTree = "<group>";
		};
/* End PBXGroup section */

/* Begin PBXNativeTarget section */
		1C3A6CEF2A8D8FD400D57D2F /* Foodgram */ = {
			isa = PBXNativeTarget;
			buildConfigurationList = 1C3A6CFF2A8D8FD700D57D2F /* Build configuration list for PBXNativeTarget "Foodgram" */;
			buildPhases = (
				1C3A6CEC2A8D8FD400D57D2F /* Sources */,
				1C3A6CED2A8D8FD400D57D2F /* Frameworks */,
				1C3A6CEE2A8D8FD400D57D2F /* Resources */,
				1C59F34F2AB8760D002E53A8 /* Embed Watch Content */,
			);
			buildRules = (
			);
			dependencies = (
			);
			name = Foodgram;
			productName = Foodgram;
			productReference = 1C3A6CF02A8D8FD400D57D2F /* Foodgram.app */;
			productType = "com.apple.product-type.application";
		};
/* End PBXNativeTarget section */

/* Begin PBXProject section */
		1C3A6CE82A8D8FD400D57D2F /* Project object */ = {
			isa = PBXProject;
			attributes = {
				BuildIndependentTargetsInParallel = 1;
				LastSwiftUpdateCheck = 1500;
				LastUpgradeCheck = 1500;
				TargetAttributes = {
					1C3A6CEF2A8D8FD400D57D2F = {
						CreatedOnToolsVersion = 15.0;
						LastSwiftMigration = 1500;
					};
				};
			};
			buildConfigurationList = 1C3A6CEB2A8D8FD400D57D2F /* Build configuration list for PBXProject "Foodgram" */;
			compatibilityVersion = "Xcode 14.0";
			developmentRegion = en;
			hasScannedForEncodings = 0;
			knownRegions = (
				en,
				Base,
			);
			mainGroup = 1C3A6CE72A8D8FD400D57D2F;
			productRefGroup = 1C3A6CF12A8D8FD400D57D2F /* Products */;
			projectDirPath = "";
			projectRoot = "";
			targets = (
				1C3A6CEF2A8D8FD400D57D2F /* Foodgram */,
			);
		};
/* End PBXProject section */

/* Begin PBXResourcesBuildPhase section */
		1C3A6CEE2A8D8FD400D57D2F /* Resources */ = {
			isa = PBXResourcesBuildPhase;
			buildActionMask = 2147483647;
			files = (
				1CCA822F2A8D96A800967678 /* Assets.xcassets in Resources */,
				1CCA81F32A8D94BC00967678 /* Preview Assets.xcassets in Resources */,
			);
			runOnlyForDeploymentPostprocessing = 0;
		};
/* End PBXResourcesBuildPhase section */

/* Begin PBXSourcesBuildPhase section */
		1C3A6CEC2A8D8FD400D57D2F /* Sources */ = {
			isa = PBXSourcesBuildPhase;
			buildActionMask = 2147483647;
			files = (
				1CCA82092A8D950700967678 /* FetcherState.swift in Sources */,
				1CCA82232A8D955900967678 /* SplashScreenView.swift in Sources */,
				1CCA82172A8D953000967678 /* RecipeListItemView.swift in Sources */,
				1CD28AF52ACB61F0005CC66C /* RecipesList.swift in Sources */,
				1CCA81F12A8D94AD00967678 /* FoodgramApp.swift in Sources */,
				1CCA821D2A8D954700967678 /* RecipeTagView.swift in Sources */,
				1CCA81FD2A8D94E100967678 /* AddRecipeViewModel.swift in Sources */,
				1CCA81F72A8D94CF00967678 /* AddEmailView.swift in Sources */,
				1CF1CCFA2AC23730005A8ECD /* Endpoint.swift in Sources */,
				1C59F3092AB8704D002E53A8 /* ChangePasswordView.swift in Sources */,
				1CCA81FB2A8D94DA00967678 /* AddRecipeView.swift in Sources */,
				1CCA81F92A8D94D400967678 /* AddNameView.swift in Sources */,
				1CCA82032A8D94F500967678 /* CompleteSignUpView.swift in Sources */,
				1CB8443C2AC45E62004182A1 /* View.swift in Sources */,
				1CCA820D2A8D951500967678 /* FoodgramLogoView.swift in Sources */,
				1CCA81EF2A8D949C00967678 /* ContentView.swift in Sources */,
				1CCA82112A8D951F00967678 /* MainTabView.swift in Sources */,
				1CCA82052A8D94FA00967678 /* CreatePasswordView.swift in Sources */,
				1CCA81FF2A8D94E600967678 /* AppSettings.swift in Sources */,
				1CCA62562AAE181400CE901E /* FGTextButtonModifier.swift in Sources */,
				1CCA82192A8D953800967678 /* RecipesView.swift in Sources */,
				1CCA82212A8D955200967678 /* SettingsView.swift in Sources */,
				1C4E14F22AC37AF400103921 /* AsyncImage.swift in Sources */,
				1CCA821B2A8D953E00967678 /* RecipesViewModel.swift in Sources */,
				1CCA81F52A8D94C700967678 /* AboutAppView.swift in Sources */,
				1CCA82072A8D94FF00967678 /* FavouritesView.swift in Sources */,
				1CCA82272A8D956D00967678 /* User.swift in Sources */,
				1CCA82012A8D94EF00967678 /* Color.swift in Sources */,
				1CCA82132A8D952600967678 /* Recipe.swift in Sources */,
				1CD28AFA2ACB82E4005CC66C /* RecipeTagsView.swift in Sources */,
				1CD28AF32ACB5915005CC66C /* UserView.swift in Sources */,
				1CCA820F2A8D951900967678 /* LoginView.swift in Sources */,
				1CCA821F2A8D954D00967678 /* SelectTagView.swift in Sources */,
				1CF1CCFC2AC237BD005A8ECD /* DataLoader.swift in Sources */,
				1CCA82152A8D952B00967678 /* RecipeDetailsView.swift in Sources */,
				1CCA82252A8D956800967678 /* TagsViewModel.swift in Sources */,
				1C4E14F02AC376CC00103921 /* DataLoaderError.swift in Sources */,
				1CD28AF82ACB641E005CC66C /* CartView.swift in Sources */,
				1CCA820B2A8D950C00967678 /* FGTextFieldModifier.swift in Sources */,
			);
			runOnlyForDeploymentPostprocessing = 0;
		};
/* End PBXSourcesBuildPhase section */

/* Begin XCBuildConfiguration section */
		1C3A6CFD2A8D8FD700D57D2F /* Debug */ = {
			isa = XCBuildConfiguration;
			buildSettings = {
				ALWAYS_SEARCH_USER_PATHS = NO;
				ASSETCATALOG_COMPILER_GENERATE_SWIFT_ASSET_SYMBOL_EXTENSIONS = YES;
				CLANG_ANALYZER_NONNULL = YES;
				CLANG_ANALYZER_NUMBER_OBJECT_CONVERSION = YES_AGGRESSIVE;
				CLANG_CXX_LANGUAGE_STANDARD = "gnu++20";
				CLANG_ENABLE_MODULES = YES;
				CLANG_ENABLE_OBJC_ARC = YES;
				CLANG_ENABLE_OBJC_WEAK = YES;
				CLANG_WARN_BLOCK_CAPTURE_AUTORELEASING = YES;
				CLANG_WARN_BOOL_CONVERSION = YES;
				CLANG_WARN_COMMA = YES;
				CLANG_WARN_CONSTANT_CONVERSION = YES;
				CLANG_WARN_DEPRECATED_OBJC_IMPLEMENTATIONS = YES;
				CLANG_WARN_DIRECT_OBJC_ISA_USAGE = YES_ERROR;
				CLANG_WARN_DOCUMENTATION_COMMENTS = YES;
				CLANG_WARN_EMPTY_BODY = YES;
				CLANG_WARN_ENUM_CONVERSION = YES;
				CLANG_WARN_INFINITE_RECURSION = YES;
				CLANG_WARN_INT_CONVERSION = YES;
				CLANG_WARN_NON_LITERAL_NULL_CONVERSION = YES;
				CLANG_WARN_OBJC_IMPLICIT_RETAIN_SELF = YES;
				CLANG_WARN_OBJC_LITERAL_CONVERSION = YES;
				CLANG_WARN_OBJC_ROOT_CLASS = YES_ERROR;
				CLANG_WARN_QUOTED_INCLUDE_IN_FRAMEWORK_HEADER = YES;
				CLANG_WARN_RANGE_LOOP_ANALYSIS = YES;
				CLANG_WARN_STRICT_PROTOTYPES = YES;
				CLANG_WARN_SUSPICIOUS_MOVE = YES;
				CLANG_WARN_UNGUARDED_AVAILABILITY = YES_AGGRESSIVE;
				CLANG_WARN_UNREACHABLE_CODE = YES;
				CLANG_WARN__DUPLICATE_METHOD_MATCH = YES;
				COPY_PHASE_STRIP = NO;
				DEBUG_INFORMATION_FORMAT = dwarf;
				ENABLE_STRICT_OBJC_MSGSEND = YES;
				ENABLE_TESTABILITY = YES;
				ENABLE_USER_SCRIPT_SANDBOXING = YES;
				GCC_C_LANGUAGE_STANDARD = gnu17;
				GCC_DYNAMIC_NO_PIC = NO;
				GCC_NO_COMMON_BLOCKS = YES;
				GCC_OPTIMIZATION_LEVEL = 0;
				GCC_PREPROCESSOR_DEFINITIONS = (
					"DEBUG=1",
					"$(inherited)",
				);
				GCC_WARN_64_TO_32_BIT_CONVERSION = YES;
				GCC_WARN_ABOUT_RETURN_TYPE = YES_ERROR;
				GCC_WARN_UNDECLARED_SELECTOR = YES;
				GCC_WARN_UNINITIALIZED_AUTOS = YES_AGGRESSIVE;
				GCC_WARN_UNUSED_FUNCTION = YES;
				GCC_WARN_UNUSED_VARIABLE = YES;
				LOCALIZATION_PREFERS_STRING_CATALOGS = YES;
				MTL_ENABLE_DEBUG_INFO = INCLUDE_SOURCE;
				MTL_FAST_MATH = YES;
				ONLY_ACTIVE_ARCH = YES;
				SWIFT_ACTIVE_COMPILATION_CONDITIONS = "DEBUG $(inherited)";
				SWIFT_OPTIMIZATION_LEVEL = "-Onone";
			};
			name = Debug;
		};
		1C3A6CFE2A8D8FD700D57D2F /* Release */ = {
			isa = XCBuildConfiguration;
			buildSettings = {
				ALWAYS_SEARCH_USER_PATHS = NO;
				ASSETCATALOG_COMPILER_GENERATE_SWIFT_ASSET_SYMBOL_EXTENSIONS = YES;
				CLANG_ANALYZER_NONNULL = YES;
				CLANG_ANALYZER_NUMBER_OBJECT_CONVERSION = YES_AGGRESSIVE;
				CLANG_CXX_LANGUAGE_STANDARD = "gnu++20";
				CLANG_ENABLE_MODULES = YES;
				CLANG_ENABLE_OBJC_ARC = YES;
				CLANG_ENABLE_OBJC_WEAK = YES;
				CLANG_WARN_BLOCK_CAPTURE_AUTORELEASING = YES;
				CLANG_WARN_BOOL_CONVERSION = YES;
				CLANG_WARN_COMMA = YES;
				CLANG_WARN_CONSTANT_CONVERSION = YES;
				CLANG_WARN_DEPRECATED_OBJC_IMPLEMENTATIONS = YES;
				CLANG_WARN_DIRECT_OBJC_ISA_USAGE = YES_ERROR;
				CLANG_WARN_DOCUMENTATION_COMMENTS = YES;
				CLANG_WARN_EMPTY_BODY = YES;
				CLANG_WARN_ENUM_CONVERSION = YES;
				CLANG_WARN_INFINITE_RECURSION = YES;
				CLANG_WARN_INT_CONVERSION = YES;
				CLANG_WARN_NON_LITERAL_NULL_CONVERSION = YES;
				CLANG_WARN_OBJC_IMPLICIT_RETAIN_SELF = YES;
				CLANG_WARN_OBJC_LITERAL_CONVERSION = YES;
				CLANG_WARN_OBJC_ROOT_CLASS = YES_ERROR;
				CLANG_WARN_QUOTED_INCLUDE_IN_FRAMEWORK_HEADER = YES;
				CLANG_WARN_RANGE_LOOP_ANALYSIS = YES;
				CLANG_WARN_STRICT_PROTOTYPES = YES;
				CLANG_WARN_SUSPICIOUS_MOVE = YES;
				CLANG_WARN_UNGUARDED_AVAILABILITY = YES_AGGRESSIVE;
				CLANG_WARN_UNREACHABLE_CODE = YES;
				CLANG_WARN__DUPLICATE_METHOD_MATCH = YES;
				COPY_PHASE_STRIP = NO;
				DEBUG_INFORMATION_FORMAT = "dwarf-with-dsym";
				ENABLE_NS_ASSERTIONS = NO;
				ENABLE_STRICT_OBJC_MSGSEND = YES;
				ENABLE_USER_SCRIPT_SANDBOXING = YES;
				GCC_C_LANGUAGE_STANDARD = gnu17;
				GCC_NO_COMMON_BLOCKS = YES;
				GCC_WARN_64_TO_32_BIT_CONVERSION = YES;
				GCC_WARN_ABOUT_RETURN_TYPE = YES_ERROR;
				GCC_WARN_UNDECLARED_SELECTOR = YES;
				GCC_WARN_UNINITIALIZED_AUTOS = YES_AGGRESSIVE;
				GCC_WARN_UNUSED_FUNCTION = YES;
				GCC_WARN_UNUSED_VARIABLE = YES;
				LOCALIZATION_PREFERS_STRING_CATALOGS = YES;
				MTL_ENABLE_DEBUG_INFO = NO;
				MTL_FAST_MATH = YES;
				SWIFT_COMPILATION_MODE = wholemodule;
			};
			name = Release;
		};
		1C3A6D002A8D8FD700D57D2F /* Debug */ = {
			isa = XCBuildConfiguration;
			buildSettings = {
				ASSETCATALOG_COMPILER_APPICON_NAME = AppIcon;
				ASSETCATALOG_COMPILER_GLOBAL_ACCENT_COLOR_NAME = AccentColor;
				CLANG_ENABLE_MODULES = YES;
				CODE_SIGN_ENTITLEMENTS = Foodgram/Foodgram.entitlements;
				CODE_SIGN_STYLE = Automatic;
				CURRENT_PROJECT_VERSION = 1;
				DEVELOPMENT_ASSET_PATHS = "\"Foodgram/Preview Content\"";
				DEVELOPMENT_TEAM = 2ZD4DPJFV6;
				ENABLE_HARDENED_RUNTIME = YES;
				ENABLE_PREVIEWS = YES;
				GENERATE_INFOPLIST_FILE = YES;
				INFOPLIST_FILE = Foodgram/Info.plist;
				"INFOPLIST_KEY_UIApplicationSceneManifest_Generation[sdk=iphoneos*]" = YES;
				"INFOPLIST_KEY_UIApplicationSceneManifest_Generation[sdk=iphonesimulator*]" = YES;
				"INFOPLIST_KEY_UIApplicationSupportsIndirectInputEvents[sdk=iphoneos*]" = YES;
				"INFOPLIST_KEY_UIApplicationSupportsIndirectInputEvents[sdk=iphonesimulator*]" = YES;
				"INFOPLIST_KEY_UILaunchScreen_Generation[sdk=iphoneos*]" = YES;
				"INFOPLIST_KEY_UILaunchScreen_Generation[sdk=iphonesimulator*]" = YES;
				"INFOPLIST_KEY_UIStatusBarStyle[sdk=iphoneos*]" = UIStatusBarStyleDefault;
				"INFOPLIST_KEY_UIStatusBarStyle[sdk=iphonesimulator*]" = UIStatusBarStyleDefault;
				INFOPLIST_KEY_UISupportedInterfaceOrientations_iPad = "UIInterfaceOrientationPortrait UIInterfaceOrientationPortraitUpsideDown UIInterfaceOrientationLandscapeLeft UIInterfaceOrientationLandscapeRight";
				INFOPLIST_KEY_UISupportedInterfaceOrientations_iPhone = "UIInterfaceOrientationPortrait UIInterfaceOrientationLandscapeLeft UIInterfaceOrientationLandscapeRight";
				IPHONEOS_DEPLOYMENT_TARGET = 17.0;
				LD_RUNPATH_SEARCH_PATHS = "@executable_path/Frameworks";
				"LD_RUNPATH_SEARCH_PATHS[sdk=macosx*]" = "@executable_path/../Frameworks";
				MACOSX_DEPLOYMENT_TARGET = 14.0;
				MARKETING_VERSION = 1.0;
				PRODUCT_BUNDLE_IDENTIFIER = com.ramz1.Foodgram;
				PRODUCT_NAME = "$(TARGET_NAME)";
				SDKROOT = auto;
				SUPPORTED_PLATFORMS = "iphoneos iphonesimulator macosx";
				SWIFT_EMIT_LOC_STRINGS = YES;
				SWIFT_OPTIMIZATION_LEVEL = "-Onone";
				SWIFT_VERSION = 5.0;
				TARGETED_DEVICE_FAMILY = "1,2";
			};
			name = Debug;
		};
		1C3A6D012A8D8FD700D57D2F /* Release */ = {
			isa = XCBuildConfiguration;
			buildSettings = {
				ASSETCATALOG_COMPILER_APPICON_NAME = AppIcon;
				ASSETCATALOG_COMPILER_GLOBAL_ACCENT_COLOR_NAME = AccentColor;
				CLANG_ENABLE_MODULES = YES;
				CODE_SIGN_ENTITLEMENTS = Foodgram/Foodgram.entitlements;
				CODE_SIGN_STYLE = Automatic;
				CURRENT_PROJECT_VERSION = 1;
				DEVELOPMENT_ASSET_PATHS = "\"Foodgram/Preview Content\"";
				DEVELOPMENT_TEAM = 2ZD4DPJFV6;
				ENABLE_HARDENED_RUNTIME = YES;
				ENABLE_PREVIEWS = YES;
				GENERATE_INFOPLIST_FILE = YES;
				INFOPLIST_FILE = Foodgram/Info.plist;
				"INFOPLIST_KEY_UIApplicationSceneManifest_Generation[sdk=iphoneos*]" = YES;
				"INFOPLIST_KEY_UIApplicationSceneManifest_Generation[sdk=iphonesimulator*]" = YES;
				"INFOPLIST_KEY_UIApplicationSupportsIndirectInputEvents[sdk=iphoneos*]" = YES;
				"INFOPLIST_KEY_UIApplicationSupportsIndirectInputEvents[sdk=iphonesimulator*]" = YES;
				"INFOPLIST_KEY_UILaunchScreen_Generation[sdk=iphoneos*]" = YES;
				"INFOPLIST_KEY_UILaunchScreen_Generation[sdk=iphonesimulator*]" = YES;
				"INFOPLIST_KEY_UIStatusBarStyle[sdk=iphoneos*]" = UIStatusBarStyleDefault;
				"INFOPLIST_KEY_UIStatusBarStyle[sdk=iphonesimulator*]" = UIStatusBarStyleDefault;
				INFOPLIST_KEY_UISupportedInterfaceOrientations_iPad = "UIInterfaceOrientationPortrait UIInterfaceOrientationPortraitUpsideDown UIInterfaceOrientationLandscapeLeft UIInterfaceOrientationLandscapeRight";
				INFOPLIST_KEY_UISupportedInterfaceOrientations_iPhone = "UIInterfaceOrientationPortrait UIInterfaceOrientationLandscapeLeft UIInterfaceOrientationLandscapeRight";
				IPHONEOS_DEPLOYMENT_TARGET = 17.0;
				LD_RUNPATH_SEARCH_PATHS = "@executable_path/Frameworks";
				"LD_RUNPATH_SEARCH_PATHS[sdk=macosx*]" = "@executable_path/../Frameworks";
				MACOSX_DEPLOYMENT_TARGET = 14.0;
				MARKETING_VERSION = 1.0;
				PRODUCT_BUNDLE_IDENTIFIER = com.ramz1.Foodgram;
				PRODUCT_NAME = "$(TARGET_NAME)";
				SDKROOT = auto;
				SUPPORTED_PLATFORMS = "iphoneos iphonesimulator macosx";
				SWIFT_EMIT_LOC_STRINGS = YES;
				SWIFT_VERSION = 5.0;
				TARGETED_DEVICE_FAMILY = "1,2";
			};
			name = Release;
		};
/* End XCBuildConfiguration section */

/* Begin XCConfigurationList section */
		1C3A6CEB2A8D8FD400D57D2F /* Build configuration list for PBXProject "Foodgram" */ = {
			isa = XCConfigurationList;
			buildConfigurations = (
				1C3A6CFD2A8D8FD700D57D2F /* Debug */,
				1C3A6CFE2A8D8FD700D57D2F /* Release */,
			);
			defaultConfigurationIsVisible = 0;
			defaultConfigurationName = Release;
		};
		1C3A6CFF2A8D8FD700D57D2F /* Build configuration list for PBXNativeTarget "Foodgram" */ = {
			isa = XCConfigurationList;
			buildConfigurations = (
				1C3A6D002A8D8FD700D57D2F /* Debug */,
				1C3A6D012A8D8FD700D57D2F /* Release */,
			);
			defaultConfigurationIsVisible = 0;
			defaultConfigurationName = Release;
		};
/* End XCConfigurationList section */
	};
	rootObject = 1C3A6CE82A8D8FD400D57D2F /* Project object */;
}
